
Microsoft Visual Studio Solution File, Format Version 12.00
# Visual Studio Version 17
VisualStudioVersion = 17.0.32126.317
MinimumVisualStudioVersion = 10.0.40219.1
Project("{9A19103F-16F7-4668-BE54-9A1E7A4F7556}") = "SqlDbService", "SqlDbService.csproj", "{67E6AD39-DAFE-4FBE-9C7C-5C0D5663F3D0}"
EndProject
Project("{9A19103F-16F7-4668-BE54-9A1E7A4F7556}") = "SqlDbServiceTests", "SqlDbServiceTests\SqlDbServiceTests.csproj", "{39E05B8C-E62E-4D8A-A617-0E8DD7B37C4A}"
EndProject
Global
	GlobalSection(SolutionConfigurationPlatforms) = preSolution
		Debug|Any CPU = Debug|Any CPU
		Release|Any CPU = Release|Any CPU
	EndGlobalSection
	GlobalSection(ProjectConfigurationPlatforms) = postSolution
		{67E6AD39-DAFE-4FBE-9C7C-5C0D5663F3D0}.Debug|Any CPU.ActiveCfg = Debug|Any CPU
		{67E6AD39-DAFE-4FBE-9C7C-5C0D5663F3D0}.Debug|Any CPU.Build.0 = Debug|Any CPU
		{67E6AD39-DAFE-4FBE-9C7C-5C0D5663F3D0}.Release|Any CPU.ActiveCfg = Release|Any CPU
		{67E6AD39-DAFE-4FBE-9C7C-5C0D5663F3D0}.Release|Any CPU.Build.0 = Release|Any CPU
		{39E05B8C-E62E-4D8A-A617-0E8DD7B37C4A}.Debug|Any CPU.ActiveCfg = Debug|Any CPU
		{39E05B8C-E62E-4D8A-A617-0E8DD7B37C4A}.Debug|Any CPU.Build.0 = Debug|Any CPU
		{39E05B8C-E62E-4D8A-A617-0E8DD7B37C4A}.Release|Any CPU.ActiveCfg = Release|Any CPU
		{39E05B8C-E62E-4D8A-A617-0E8DD7B37C4A}.Release|Any CPU.Build.0 = Release|Any CPU
	EndGlobalSection
	GlobalSection(SolutionProperties) = preSolution
		HideSolutionNode = FALSE
	EndGlobalSection
	GlobalSection(ExtensibilityGlobals) = postSolution
		SolutionGuid = {6FDC05E6-1484-4DD9-8EF2-023178B82514}
	EndGlobalSection
EndGlobal
