
Microsoft Visual Studio Solution File, Format Version 12.00
# Visual Studio Version 17
VisualStudioVersion = 17.0.32126.317
MinimumVisualStudioVersion = 10.0.40219.1
Project("{9A19103F-16F7-4668-BE54-9A1E7A4F7556}") = "SqlDbService", "SqlDbService.csproj", "{67E6AD39-DAFE-4FBE-9C7C-5C0D5663F3D0}"
EndProject
Project("{FAE04EC0-301F-11D3-BF4B-00C04F79EFBC}") = "SqlDbServiceTests", "..\SqlDbServiceTests\SqlDbServiceTests.csproj", "{38FEEB4F-B250-48C6-9EAA-F74B55C2F945}"
	ProjectSection(ProjectDependencies) = postProject
		{67E6AD39-DAFE-4FBE-9C7C-5C0D5663F3D0} = {67E6AD39-DAFE-4FBE-9C7C-5C0D5663F3D0}
	EndProjectSection
EndProject
Global
	GlobalSection(SolutionConfigurationPlatforms) = preSolution
		Debug|Any CPU = Debug|Any CPU
		Release|Any CPU = Release|Any CPU
	EndGlobalSection
	GlobalSection(ProjectConfigurationPlatforms) = postSolution
		{67E6AD39-DAFE-4FBE-9C7C-5C0D5663F3D0}.Debug|Any CPU.ActiveCfg = Debug|Any CPU
		{67E6AD39-DAFE-4FBE-9C7C-5C0D5663F3D0}.Debug|Any CPU.Build.0 = Debug|Any CPU
		{67E6AD39-DAFE-4FBE-9C7C-5C0D5663F3D0}.Release|Any CPU.ActiveCfg = Release|Any CPU
		{67E6AD39-DAFE-4FBE-9C7C-5C0D5663F3D0}.Release|Any CPU.Build.0 = Release|Any CPU
		{38FEEB4F-B250-48C6-9EAA-F74B55C2F945}.Debug|Any CPU.ActiveCfg = Debug|Any CPU
		{38FEEB4F-B250-48C6-9EAA-F74B55C2F945}.Debug|Any CPU.Build.0 = Debug|Any CPU
		{38FEEB4F-B250-48C6-9EAA-F74B55C2F945}.Release|Any CPU.ActiveCfg = Release|Any CPU
		{38FEEB4F-B250-48C6-9EAA-F74B55C2F945}.Release|Any CPU.Build.0 = Release|Any CPU
	EndGlobalSection
	GlobalSection(SolutionProperties) = preSolution
		HideSolutionNode = FALSE
	EndGlobalSection
	GlobalSection(ExtensibilityGlobals) = postSolution
		SolutionGuid = {6FDC05E6-1484-4DD9-8EF2-023178B82514}
	EndGlobalSection
EndGlobal
